
Microsoft Visual Studio Solution File, Format Version 12.00
Project("{FAE04EC0-301F-11D3-BF4B-00C04F79EFBC}") = "NoteApi", "NoteApi\NoteApi.csproj", "{46D13361-C507-4A97-810E-736A7229B0FE}"
EndProject
Project("{2150E333-8FDC-42A3-9474-1A3956D46DE8}") = "Solution Items", "Solution Items", "{0BFC7A6A-47E1-43EF-89C4-7D7386EC147E}"
	ProjectSection(SolutionItems) = preProject
		docker-compose.yaml = docker-compose.yaml
	EndProjectSection
EndProject
Project("{2150E333-8FDC-42A3-9474-1A3956D46DE8}") = "Note.Domain", "Note.Domain", "{85B58533-3966-44BE-A0E2-D43D0199A0C3}"
EndProject
Project("{FAE04EC0-301F-11D3-BF4B-00C04F79EFBC}") = "Note.Domain", "Note.Domain\Note.Domain.csproj", "{7C421DFC-5CED-46A3-B5F3-B2E8D65BDED0}"
EndProject
Project("{2150E333-8FDC-42A3-9474-1A3956D46DE8}") = "Note.App", "Note.App", "{4C76D499-A72E-42C4-97F9-91B2F376B1C4}"
EndProject
Project("{2150E333-8FDC-42A3-9474-1A3956D46DE8}") = "Note.DAL", "Note.DAL", "{DD8155D3-C53D-45D7-82ED-29853C5C64D9}"
EndProject
Project("{FAE04EC0-301F-11D3-BF4B-00C04F79EFBC}") = "Note.DAL", "Note.DAL\Note.DAL.csproj", "{E2098A3F-505A-4CF5-83F1-143183BB0DDD}"
EndProject
Project("{2150E333-8FDC-42A3-9474-1A3956D46DE8}") = "Note.BLL", "Note.BLL", "{120F47A6-2A4C-468E-A5DA-AFA2BA4438E1}"
EndProject
Project("{FAE04EC0-301F-11D3-BF4B-00C04F79EFBC}") = "Note.BLL", "Note.BLL\Note.BLL.csproj", "{827A194C-7E28-4EF3-A983-167F685249D7}"
EndProject
Project("{2150E333-8FDC-42A3-9474-1A3956D46DE8}") = "Note.Test", "Note.Test", "{72B8A035-1706-4294-8D0C-D5D500F90A16}"
EndProject
Project("{FAE04EC0-301F-11D3-BF4B-00C04F79EFBC}") = "StoreTest", "StoreTest\StoreTest.csproj", "{481F8700-E216-45ED-825A-C89AB52A8C38}"
EndProject
Global
	GlobalSection(SolutionConfigurationPlatforms) = preSolution
		Debug|Any CPU = Debug|Any CPU
		Release|Any CPU = Release|Any CPU
	EndGlobalSection
	GlobalSection(ProjectConfigurationPlatforms) = postSolution
		{46D13361-C507-4A97-810E-736A7229B0FE}.Debug|Any CPU.ActiveCfg = Debug|Any CPU
		{46D13361-C507-4A97-810E-736A7229B0FE}.Debug|Any CPU.Build.0 = Debug|Any CPU
		{46D13361-C507-4A97-810E-736A7229B0FE}.Release|Any CPU.ActiveCfg = Release|Any CPU
		{46D13361-C507-4A97-810E-736A7229B0FE}.Release|Any CPU.Build.0 = Release|Any CPU
		{7C421DFC-5CED-46A3-B5F3-B2E8D65BDED0}.Debug|Any CPU.ActiveCfg = Debug|Any CPU
		{7C421DFC-5CED-46A3-B5F3-B2E8D65BDED0}.Debug|Any CPU.Build.0 = Debug|Any CPU
		{7C421DFC-5CED-46A3-B5F3-B2E8D65BDED0}.Release|Any CPU.ActiveCfg = Release|Any CPU
		{7C421DFC-5CED-46A3-B5F3-B2E8D65BDED0}.Release|Any CPU.Build.0 = Release|Any CPU
		{E2098A3F-505A-4CF5-83F1-143183BB0DDD}.Debug|Any CPU.ActiveCfg = Debug|Any CPU
		{E2098A3F-505A-4CF5-83F1-143183BB0DDD}.Debug|Any CPU.Build.0 = Debug|Any CPU
		{E2098A3F-505A-4CF5-83F1-143183BB0DDD}.Release|Any CPU.ActiveCfg = Release|Any CPU
		{E2098A3F-505A-4CF5-83F1-143183BB0DDD}.Release|Any CPU.Build.0 = Release|Any CPU
		{827A194C-7E28-4EF3-A983-167F685249D7}.Debug|Any CPU.ActiveCfg = Debug|Any CPU
		{827A194C-7E28-4EF3-A983-167F685249D7}.Debug|Any CPU.Build.0 = Debug|Any CPU
		{827A194C-7E28-4EF3-A983-167F685249D7}.Release|Any CPU.ActiveCfg = Release|Any CPU
		{827A194C-7E28-4EF3-A983-167F685249D7}.Release|Any CPU.Build.0 = Release|Any CPU
		{481F8700-E216-45ED-825A-C89AB52A8C38}.Debug|Any CPU.ActiveCfg = Debug|Any CPU
		{481F8700-E216-45ED-825A-C89AB52A8C38}.Debug|Any CPU.Build.0 = Debug|Any CPU
		{481F8700-E216-45ED-825A-C89AB52A8C38}.Release|Any CPU.ActiveCfg = Release|Any CPU
		{481F8700-E216-45ED-825A-C89AB52A8C38}.Release|Any CPU.Build.0 = Release|Any CPU
	EndGlobalSection
	GlobalSection(NestedProjects) = preSolution
		{7C421DFC-5CED-46A3-B5F3-B2E8D65BDED0} = {85B58533-3966-44BE-A0E2-D43D0199A0C3}
		{46D13361-C507-4A97-810E-736A7229B0FE} = {4C76D499-A72E-42C4-97F9-91B2F376B1C4}
		{E2098A3F-505A-4CF5-83F1-143183BB0DDD} = {DD8155D3-C53D-45D7-82ED-29853C5C64D9}
		{827A194C-7E28-4EF3-A983-167F685249D7} = {120F47A6-2A4C-468E-A5DA-AFA2BA4438E1}
		{481F8700-E216-45ED-825A-C89AB52A8C38} = {72B8A035-1706-4294-8D0C-D5D500F90A16}
	EndGlobalSection
EndGlobal
